
Microsoft Visual Studio Solution File, Format Version 12.00
# Visual Studio Version 17
VisualStudioVersion = 17.3.32819.101
MinimumVisualStudioVersion = 10.0.40219.1
Project("{8BC9CEB8-8B4A-11D0-8D11-00A0C91BC942}") = "Nya", "Nya\Nya.vcxproj", "{9A07DAAC-AD29-44E8-992E-78F1CFDBF388}"
EndProject
Global
	GlobalSection(SolutionConfigurationPlatforms) = preSolution
		Debug|x64 = Debug|x64
		Release|x64 = Release|x64
	EndGlobalSection
	GlobalSection(ProjectConfigurationPlatforms) = postSolution
		{9A07DAAC-AD29-44E8-992E-78F1CFDBF388}.Debug|x64.ActiveCfg = Debug|x64
		{9A07DAAC-AD29-44E8-992E-78F1CFDBF388}.Debug|x64.Build.0 = Debug|x64
		{9A07DAAC-AD29-44E8-992E-78F1CFDBF388}.Release|x64.ActiveCfg = Release|x64
		{9A07DAAC-AD29-44E8-992E-78F1CFDBF388}.Release|x64.Build.0 = Release|x64
	EndGlobalSection
	GlobalSection(SolutionProperties) = preSolution
		HideSolutionNode = FALSE
	EndGlobalSection
	GlobalSection(ExtensibilityGlobals) = postSolution
		SolutionGuid = {062B007C-6D1D-4583-B168-DDBB267AE8D4}
	EndGlobalSection
EndGlobal
